
Microsoft Visual Studio Solution File, Format Version 12.00
# Visual Studio 2017
Project("{FAE04EC0-301F-11D3-BF4B-00C04F79EFBC}") = "dataTypes", "dataTypes.csproj", "{704FC8D5-2AF7-40EE-A22D-3917107B8DF5}"
EndProject
Global
	GlobalSection(SolutionConfigurationPlatforms) = preSolution
		Debug|Any CPU = Debug|Any CPU
		Release|Any CPU = Release|Any CPU
	EndGlobalSection
	GlobalSection(ProjectConfigurationPlatforms) = postSolution
		{704FC8D5-2AF7-40EE-A22D-3917107B8DF5}.Debug|Any CPU.ActiveCfg = Debug|Any CPU
		{704FC8D5-2AF7-40EE-A22D-3917107B8DF5}.Debug|Any CPU.Build.0 = Debug|Any CPU
		{704FC8D5-2AF7-40EE-A22D-3917107B8DF5}.Release|Any CPU.ActiveCfg = Release|Any CPU
		{704FC8D5-2AF7-40EE-A22D-3917107B8DF5}.Release|Any CPU.Build.0 = Release|Any CPU
	EndGlobalSection
EndGlobal
