
Microsoft Visual Studio Solution File, Format Version 12.00
# Visual Studio 2012
Project("{FAE04EC0-301F-11D3-BF4B-00C04F79EFBC}") = "dataTypes", "dataTypes\dataTypes.csproj", "{A6FC95FB-96A0-48D9-98EB-17ABFDDDB316}"
EndProject
Global
	GlobalSection(SolutionConfigurationPlatforms) = preSolution
		Debug|Any CPU = Debug|Any CPU
		Release|Any CPU = Release|Any CPU
	EndGlobalSection
	GlobalSection(ProjectConfigurationPlatforms) = postSolution
		{A6FC95FB-96A0-48D9-98EB-17ABFDDDB316}.Debug|Any CPU.ActiveCfg = Debug|Any CPU
		{A6FC95FB-96A0-48D9-98EB-17ABFDDDB316}.Debug|Any CPU.Build.0 = Debug|Any CPU
		{A6FC95FB-96A0-48D9-98EB-17ABFDDDB316}.Release|Any CPU.ActiveCfg = Release|Any CPU
		{A6FC95FB-96A0-48D9-98EB-17ABFDDDB316}.Release|Any CPU.Build.0 = Release|Any CPU
	EndGlobalSection
EndGlobal
